{
  "name": "forgae-lib",
  "version": "1.0.4",
  "lockfileVersion": 1,
  "requires": true,
  "dependencies": {
    "forgae-config": {
      "version": "1.0.0"
    },
    "forgae-logger": {
      "version": "1.0.0",
      "requires": {
        "fs-extra": "^7.0.1"
      }
    },
    "forgae-utils": {
      "version": "1.0.0",
      "requires": {
        "@aeternity/aepp-sdk": "3.4.0",
        "chalk": "^2.4.1",
        "cli-table": "^0.3.1",
        "esm": "^3.0.77",
        "forgae-config": "^1.0.0",
        "fs-extra": "^7.0.1",
        "moment": "^2.23.0",
        "node-dir": "^0.1.17",
        "path": "^0.12.7",
        "promisify-child-process": "^2.1.2"
      }
    }
  }
}
