{
  "name": "forgae",
  "version": "2.0.1",
  "lockfileVersion": 1,
  "requires": true,
  "dependencies": {
    "@types/blue-tape": {
      "version": "0.1.33",
      "resolved": "https://registry.npmjs.org/@types/blue-tape/-/blue-tape-0.1.33.tgz",
      "integrity": "sha512-l5cQcLM3aPh55bBQ4geWQ8hZ4Ew+s4RvyhMaBpgW3aJ2HUfRgwd8ENKrk/utC4Hz1dJAiehyIa4vN6emxBMaog==",
      "requires": {
        "@types/node": "12.0.10",
        "@types/tape": "4.2.33"
      }
    },
    "@types/lodash": {
      "version": "4.14.119",
      "resolved": "https://registry.npmjs.org/@types/lodash/-/lodash-4.14.119.tgz",
      "integrity": "sha512-Z3TNyBL8Vd/M9D9Ms2S3LmFq2sSMzahodD6rCS9V2N44HUMINb75jNkSuwAx7eo2ufqTdfOdtGQpNbieUjPQmw=="
    },
    "@types/node": {
      "version": "12.0.10",
      "resolved": "https://registry.npmjs.org/@types/node/-/node-12.0.10.tgz",
      "integrity": "sha512-LcsGbPomWsad6wmMNv7nBLw7YYYyfdYcz6xryKYQhx89c3XXan+8Q6AJ43G5XDIaklaVkK3mE4fCb0SBvMiPSQ=="
    },
    "@types/tape": {
      "version": "4.2.33",
      "resolved": "https://registry.npmjs.org/@types/tape/-/tape-4.2.33.tgz",
      "integrity": "sha512-ltfyuY5BIkYlGuQfwqzTDT8f0q8Z5DGppvUnWGs39oqDmMd6/UWhNpX3ZMh/VYvfxs3rFGHMrLC/eGRdLiDGuw==",
      "requires": {
        "@types/node": "12.0.10"
      }
    },
    "assertion-error": {
      "version": "1.1.0",
      "resolved": "https://registry.npmjs.org/assertion-error/-/assertion-error-1.1.0.tgz",
      "integrity": "sha512-jgsaNduz+ndvGyFt3uSuWqvy4lCnIJiovtouQN5JZHOKCS2QuhEdbcQHFhVksz2N2U9hXJo8odG7ETyWlEeuDw=="
    },
    "balanced-match": {
      "version": "1.0.0",
      "resolved": "https://registry.npmjs.org/balanced-match/-/balanced-match-1.0.0.tgz",
      "integrity": "sha1-ibTRmasr7kneFk6gK4nORi1xt2c="
    },
    "brace-expansion": {
      "version": "1.1.11",
      "resolved": "https://registry.npmjs.org/brace-expansion/-/brace-expansion-1.1.11.tgz",
      "integrity": "sha512-iCuPHDFgrHX7H2vEI/5xpz07zSHB00TpugqhmYtVmMO6518mCuRMoOYFldEBl0g187ufozdaHgWKcYFb61qGiA==",
      "requires": {
        "balanced-match": "1.0.0",
        "concat-map": "0.0.1"
      }
    },
    "browser-stdout": {
      "version": "1.3.1",
      "resolved": "https://registry.npmjs.org/browser-stdout/-/browser-stdout-1.3.1.tgz",
      "integrity": "sha512-qhAVI1+Av2X7qelOfAIYwXONood6XlZE/fXaBSmW/T5SzLAmCgzi+eiWE7fUvbHaeNBQH13UftjpXxsfLkMpgw=="
    },
    "chai": {
      "version": "4.2.0",
      "resolved": "https://registry.npmjs.org/chai/-/chai-4.2.0.tgz",
      "integrity": "sha512-XQU3bhBukrOsQCuwZndwGcCVQHyZi53fQ6Ys1Fym7E4olpIqqZZhhoFJoaKVvV17lWQoXYwgWN2nF5crA8J2jw==",
      "requires": {
        "assertion-error": "1.1.0",
        "check-error": "1.0.2",
        "deep-eql": "3.0.1",
        "get-func-name": "2.0.0",
        "pathval": "1.1.0",
        "type-detect": "4.0.8"
      }
    },
    "chai-as-promised": {
      "version": "7.1.1",
      "resolved": "https://registry.npmjs.org/chai-as-promised/-/chai-as-promised-7.1.1.tgz",
      "integrity": "sha512-azL6xMoi+uxu6z4rhWQ1jbdUhOMhis2PvscD/xjLqNMkv3BPPp2JyyuTHOrf9BOosGpNQ11v6BKv/g57RXbiaA==",
      "requires": {
        "check-error": "1.0.2"
      }
    },
    "check-error": {
      "version": "1.0.2",
      "resolved": "https://registry.npmjs.org/check-error/-/check-error-1.0.2.tgz",
      "integrity": "sha1-V00xLt2Iu13YkS6Sht1sCu1KrII="
    },
    "cli-table-2-json": {
      "version": "1.0.12",
      "resolved": "https://registry.npmjs.org/cli-table-2-json/-/cli-table-2-json-1.0.12.tgz",
      "integrity": "sha512-w4K5AGCI6CRsdUJAayiMEKusCMEK8TcZIbhHLLNJJdS6iu5P2dHbjf6EcmWm61fxfKLlmtwrtpiKT9SJJ+b7Sw==",
      "requires": {
        "@types/blue-tape": "0.1.33",
        "@types/lodash": "4.14.119",
        "lodash": "4.17.11"
      }
    },
    "commander": {
      "version": "2.20.0",
      "resolved": "https://registry.npmjs.org/commander/-/commander-2.20.0.tgz",
      "integrity": "sha512-7j2y+40w61zy6YC2iRNpUe/NwhNyoXrYpHMrSunaMG64nRnaf96zO/KMQR4OyN/UnE5KLyEBnKHd4aG3rskjpQ=="
    },
    "concat-map": {
      "version": "0.0.1",
      "resolved": "https://registry.npmjs.org/concat-map/-/concat-map-0.0.1.tgz",
      "integrity": "sha1-2Klr13/Wjfd5OnMDajug1UBdR3s="
    },
    "debug": {
      "version": "3.1.0",
      "resolved": "https://registry.npmjs.org/debug/-/debug-3.1.0.tgz",
      "integrity": "sha512-OX8XqP7/1a9cqkxYw2yXss15f26NKWBpDXQd0/uK/KPqdQhxbPa994hnzjcE2VqQpDslf55723cKPUOGSmMY3g==",
      "requires": {
        "ms": "2.0.0"
      }
    },
    "deep-eql": {
      "version": "3.0.1",
      "resolved": "https://registry.npmjs.org/deep-eql/-/deep-eql-3.0.1.tgz",
      "integrity": "sha512-+QeIQyN5ZuO+3Uk5DYh6/1eKO0m0YmJFGNmFHGACpf1ClL1nmlV/p4gNgbl2pJGxgXb4faqo6UE+M5ACEMyVcw==",
      "requires": {
        "type-detect": "4.0.8"
      }
    },
    "diff": {
      "version": "3.5.0",
      "resolved": "https://registry.npmjs.org/diff/-/diff-3.5.0.tgz",
      "integrity": "sha512-A46qtFgd+g7pDZinpnwiRJtxbC1hpgf0uzP3iG89scHk0AUC7A1TGxf5OiiOUv/JMZR8GOt8hL900hV0bOy5xA=="
    },
    "docker-cli-js": {
      "version": "2.5.2",
      "resolved": "https://registry.npmjs.org/docker-cli-js/-/docker-cli-js-2.5.2.tgz",
      "integrity": "sha512-uoDNhZ5mpCLHtDGzX7tNg2FQVFt4Kf4PfdxiXAHqx4iBXQNEHtIkFLHuVP7S+x/MoxUqjgR/S3vyCtwo/pPDbw==",
      "requires": {
        "cli-table-2-json": "1.0.12",
        "dockermachine-cli-js": "3.0.4",
        "lodash": "4.17.11",
        "nodeify-ts": "1.0.6"
      }
    },
    "dockermachine-cli-js": {
      "version": "3.0.4",
      "resolved": "https://registry.npmjs.org/dockermachine-cli-js/-/dockermachine-cli-js-3.0.4.tgz",
      "integrity": "sha512-iQYkVp/fI1MZ0I9QDWOHfv/weTJeHEN1Bla8TtONjJBbUAp5QPNM3r9UL5bUNvpsHR7YzVMEd6HersBq7pHogA==",
      "requires": {
        "cli-table-2-json": "1.0.12",
        "nodeify-ts": "1.0.6"
      }
    },
    "escape-string-regexp": {
      "version": "1.0.5",
      "resolved": "https://registry.npmjs.org/escape-string-regexp/-/escape-string-regexp-1.0.5.tgz",
      "integrity": "sha1-G2HAViGQqN/2rjuyzwIAyhMLhtQ="
    },
    "esm": {
      "version": "3.2.25",
      "resolved": "https://registry.npmjs.org/esm/-/esm-3.2.25.tgz",
      "integrity": "sha512-U1suiZ2oDVWv4zPO56S0NcR5QriEahGtdN2OR6FiOG4WJvcjBVFB0qI4+eKoWFH483PKGuLuu6V8Z4T5g63UVA=="
    },
    "forgae-config": {
      "version": "1.0.0"
    },
    "forgae-logger": {
      "version": "1.0.0",
      "requires": {
        "fs-extra": "7.0.1"
      },
      "dependencies": {
        "fs-extra": {
          "version": "7.0.1",
          "bundled": true,
          "requires": {
            "graceful-fs": "4.1.15",
            "jsonfile": "4.0.0",
            "universalify": "0.1.2"
          }
        },
        "graceful-fs": {
          "version": "4.1.15",
          "bundled": true
        },
        "jsonfile": {
          "version": "4.0.0",
          "bundled": true,
          "requires": {
            "graceful-fs": "4.1.15"
          }
        },
        "universalify": {
          "version": "0.1.2",
          "bundled": true
        }
      }
    },
    "forgae-utils": {
      "version": "1.0.0",
      "requires": {
        "@aeternity/aepp-sdk": "4.1.0",
        "chalk": "2.4.2",
        "cli-table": "0.3.1",
        "esm": "3.2.25",
        "forgae-config": "1.0.0",
        "fs-extra": "7.0.1",
        "moment": "2.24.0",
        "node-dir": "0.1.17",
        "path": "0.12.7",
        "promisify-child-process": "2.1.2"
      },
      "dependencies": {
        "@aeternity/aepp-sdk": {
          "version": "4.1.0",
          "bundled": true,
          "requires": {
            "@aeternity/bip39": "0.1.0",
            "@babel/runtime": "7.4.5",
            "@stamp/it": "1.1.0",
            "@stamp/required": "1.0.1",
            "aes-js": "3.1.2",
            "argon2": "0.19.3",
            "axios": "0.19.0",
            "bignumber.js": "8.1.1",
            "bip32-path": "0.4.2",
            "blakejs": "1.1.0",
            "bs58check": "2.1.2",
            "commander": "2.20.0",
            "joi-browser": "13.4.0",
            "libsodium-wrappers-sumo": "0.7.3",
            "ramda": "0.25.0",
            "rlp": "2.1.0",
            "serialize-javascript": "1.7.0",
            "sha.js": "2.4.11",
            "tweetnacl": "1.0.1",
            "tweetnacl-auth": "1.0.1",
            "uuid": "3.3.2",
            "websocket": "1.0.28"
          }
        },
        "@aeternity/bip39": {
          "version": "0.1.0",
          "bundled": true,
          "requires": {
            "create-hash": "1.2.0",
            "pbkdf2": "3.0.17",
            "randombytes": "2.1.0",
            "safe-buffer": "5.1.2"
          }
        },
        "@babel/runtime": {
          "version": "7.4.5",
          "bundled": true,
          "requires": {
            "regenerator-runtime": "0.13.2"
          }
        },
        "@phc/format": {
          "version": "0.4.3",
          "bundled": true,
          "requires": {
            "safe-buffer": "5.1.2"
          }
        },
        "@stamp/compose": {
          "version": "1.0.2",
          "bundled": true,
          "requires": {
            "@stamp/core": "1.0.1",
            "@stamp/is": "1.0.0"
          }
        },
        "@stamp/core": {
          "version": "1.0.1",
          "bundled": true,
          "requires": {
            "@stamp/is": "1.0.0"
          }
        },
        "@stamp/is": {
          "version": "1.0.0",
          "bundled": true
        },
        "@stamp/it": {
          "version": "1.1.0",
          "bundled": true,
          "requires": {
            "@stamp/compose": "1.0.2",
            "@stamp/core": "1.0.1",
            "@stamp/is": "1.0.0",
            "@stamp/shortcut": "1.0.2"
          }
        },
        "@stamp/required": {
          "version": "1.0.1",
          "bundled": true,
          "requires": {
            "@stamp/compose": "1.0.2",
            "@stamp/core": "1.0.1",
            "@stamp/is": "1.0.0"
          }
        },
        "@stamp/shortcut": {
          "version": "1.0.2",
          "bundled": true,
          "requires": {
            "@stamp/compose": "1.0.2"
          }
        },
        "@types/node": {
          "version": "10.14.9",
          "bundled": true
        },
        "aes-js": {
          "version": "3.1.2",
          "bundled": true
        },
        "ansi-styles": {
          "version": "3.2.1",
          "bundled": true,
          "requires": {
            "color-convert": "1.9.3"
          }
        },
        "any-promise": {
          "version": "1.3.0",
          "bundled": true
        },
        "argon2": {
          "version": "0.19.3",
          "bundled": true,
          "requires": {
            "@phc/format": "0.4.3",
            "any-promise": "1.3.0",
            "bindings": "1.5.0",
            "nan": "2.14.0"
          }
        },
        "axios": {
          "version": "0.19.0",
          "bundled": true,
          "requires": {
            "follow-redirects": "1.5.10",
            "is-buffer": "2.0.3"
          }
        },
        "balanced-match": {
          "version": "1.0.0",
          "bundled": true
        },
        "base-x": {
          "version": "3.0.5",
          "bundled": true,
          "requires": {
            "safe-buffer": "5.1.2"
          }
        },
        "bignumber.js": {
          "version": "8.1.1",
          "bundled": true
        },
        "bindings": {
          "version": "1.5.0",
          "bundled": true,
          "requires": {
            "file-uri-to-path": "1.0.0"
          }
        },
        "bip32-path": {
          "version": "0.4.2",
          "bundled": true
        },
        "blakejs": {
          "version": "1.1.0",
          "bundled": true
        },
        "brace-expansion": {
          "version": "1.1.11",
          "bundled": true,
          "requires": {
            "balanced-match": "1.0.0",
            "concat-map": "0.0.1"
          }
        },
        "bs58": {
          "version": "4.0.1",
          "bundled": true,
          "requires": {
            "base-x": "3.0.5"
          }
        },
        "bs58check": {
          "version": "2.1.2",
          "bundled": true,
          "requires": {
            "bs58": "4.0.1",
            "create-hash": "1.2.0",
            "safe-buffer": "5.1.2"
          }
        },
        "chalk": {
          "version": "2.4.2",
          "bundled": true,
          "requires": {
            "ansi-styles": "3.2.1",
            "escape-string-regexp": "1.0.5",
            "supports-color": "5.5.0"
          }
        },
        "cipher-base": {
          "version": "1.0.4",
          "bundled": true,
          "requires": {
            "inherits": "2.0.3",
            "safe-buffer": "5.1.2"
          }
        },
        "cli-table": {
          "version": "0.3.1",
          "bundled": true,
          "requires": {
            "colors": "1.0.3"
          }
        },
        "color-convert": {
          "version": "1.9.3",
          "bundled": true,
          "requires": {
            "color-name": "1.1.3"
          }
        },
        "color-name": {
          "version": "1.1.3",
          "bundled": true
        },
        "colors": {
          "version": "1.0.3",
          "bundled": true
        },
        "commander": {
          "version": "2.20.0",
          "bundled": true
        },
        "concat-map": {
          "version": "0.0.1",
          "bundled": true
        },
        "create-hash": {
          "version": "1.2.0",
          "bundled": true,
          "requires": {
            "cipher-base": "1.0.4",
            "inherits": "2.0.3",
            "md5.js": "1.3.5",
            "ripemd160": "2.0.2",
            "sha.js": "2.4.11"
          }
        },
        "create-hmac": {
          "version": "1.1.7",
          "bundled": true,
          "requires": {
            "cipher-base": "1.0.4",
            "create-hash": "1.2.0",
            "inherits": "2.0.3",
            "ripemd160": "2.0.2",
            "safe-buffer": "5.1.2",
            "sha.js": "2.4.11"
          }
        },
        "debug": {
          "version": "3.1.0",
          "bundled": true,
          "requires": {
            "ms": "2.0.0"
          }
        },
        "escape-string-regexp": {
          "version": "1.0.5",
          "bundled": true
        },
        "esm": {
          "version": "3.2.25",
          "bundled": true
        },
        "file-uri-to-path": {
          "version": "1.0.0",
          "bundled": true
        },
        "follow-redirects": {
          "version": "1.5.10",
          "bundled": true,
          "requires": {
            "debug": "3.1.0"
          }
        },
        "forgae-config": {
          "version": "1.0.0",
          "bundled": true
        },
        "fs-extra": {
          "version": "7.0.1",
          "bundled": true,
          "requires": {
            "graceful-fs": "4.1.15",
            "jsonfile": "4.0.0",
            "universalify": "0.1.2"
          }
        },
        "graceful-fs": {
          "version": "4.1.15",
          "bundled": true
        },
        "has-flag": {
          "version": "3.0.0",
          "bundled": true
        },
        "hash-base": {
          "version": "3.0.4",
          "bundled": true,
          "requires": {
            "inherits": "2.0.3",
            "safe-buffer": "5.1.2"
          }
        },
        "inherits": {
          "version": "2.0.3",
          "bundled": true
        },
        "is-buffer": {
          "version": "2.0.3",
          "bundled": true
        },
        "is-typedarray": {
          "version": "1.0.0",
          "bundled": true
        },
        "joi-browser": {
          "version": "13.4.0",
          "bundled": true
        },
        "jsonfile": {
          "version": "4.0.0",
          "bundled": true,
          "requires": {
            "graceful-fs": "4.1.15"
          }
        },
        "libsodium-sumo": {
          "version": "0.7.3",
          "bundled": true
        },
        "libsodium-wrappers-sumo": {
          "version": "0.7.3",
          "bundled": true,
          "requires": {
            "libsodium-sumo": "0.7.3"
          }
        },
        "md5.js": {
          "version": "1.3.5",
          "bundled": true,
          "requires": {
            "hash-base": "3.0.4",
            "inherits": "2.0.3",
            "safe-buffer": "5.1.2"
          }
        },
        "minimatch": {
          "version": "3.0.4",
          "bundled": true,
          "requires": {
            "brace-expansion": "1.1.11"
          }
        },
        "moment": {
          "version": "2.24.0",
          "bundled": true
        },
        "ms": {
          "version": "2.0.0",
          "bundled": true
        },
        "nan": {
          "version": "2.14.0",
          "bundled": true
        },
        "node-dir": {
          "version": "0.1.17",
          "bundled": true,
          "requires": {
            "minimatch": "3.0.4"
          }
        },
        "path": {
          "version": "0.12.7",
          "bundled": true,
          "requires": {
            "process": "0.11.10",
            "util": "0.10.4"
          }
        },
        "pbkdf2": {
          "version": "3.0.17",
          "bundled": true,
          "requires": {
            "create-hash": "1.2.0",
            "create-hmac": "1.1.7",
            "ripemd160": "2.0.2",
            "safe-buffer": "5.1.2",
            "sha.js": "2.4.11"
          }
        },
        "process": {
          "version": "0.11.10",
          "bundled": true
        },
        "promisify-child-process": {
          "version": "2.1.2",
          "bundled": true,
          "requires": {
            "@types/node": "10.14.9"
          }
        },
        "ramda": {
          "version": "0.25.0",
          "bundled": true
        },
        "randombytes": {
          "version": "2.1.0",
          "bundled": true,
          "requires": {
            "safe-buffer": "5.1.2"
          }
        },
        "regenerator-runtime": {
          "version": "0.13.2",
          "bundled": true
        },
        "ripemd160": {
          "version": "2.0.2",
          "bundled": true,
          "requires": {
            "hash-base": "3.0.4",
            "inherits": "2.0.3"
          }
        },
        "rlp": {
          "version": "2.1.0",
          "bundled": true,
          "requires": {
            "safe-buffer": "5.1.2"
          }
        },
        "safe-buffer": {
          "version": "5.1.2",
          "bundled": true
        },
        "serialize-javascript": {
          "version": "1.7.0",
          "bundled": true
        },
        "sha.js": {
          "version": "2.4.11",
          "bundled": true,
          "requires": {
            "inherits": "2.0.3",
            "safe-buffer": "5.1.2"
          }
        },
        "supports-color": {
          "version": "5.5.0",
          "bundled": true,
          "requires": {
            "has-flag": "3.0.0"
          }
        },
        "tweetnacl": {
          "version": "1.0.1",
          "bundled": true
        },
        "tweetnacl-auth": {
          "version": "1.0.1",
          "bundled": true,
          "requires": {
            "tweetnacl": "1.0.1"
          }
        },
        "typedarray-to-buffer": {
          "version": "3.1.5",
          "bundled": true,
          "requires": {
            "is-typedarray": "1.0.0"
          }
        },
        "universalify": {
          "version": "0.1.2",
          "bundled": true
        },
        "util": {
          "version": "0.10.4",
          "bundled": true,
          "requires": {
            "inherits": "2.0.3"
          }
        },
        "uuid": {
          "version": "3.3.2",
          "bundled": true
        },
        "websocket": {
          "version": "1.0.28",
          "bundled": true,
          "requires": {
            "debug": "2.6.9",
            "nan": "2.14.0",
            "typedarray-to-buffer": "3.1.5",
            "yaeti": "0.0.6"
          },
          "dependencies": {
            "debug": {
              "version": "2.6.9",
              "bundled": true,
              "requires": {
                "ms": "2.0.0"
              }
            }
          }
        },
        "yaeti": {
          "version": "0.0.6",
          "bundled": true
        }
      }
    },
    "fs-extra": {
      "version": "7.0.1",
      "resolved": "https://registry.npmjs.org/fs-extra/-/fs-extra-7.0.1.tgz",
      "integrity": "sha512-YJDaCJZEnBmcbw13fvdAM9AwNOJwOzrE4pqMqBq5nFiEqXUqHwlK4B+3pUw6JNvfSPtX05xFHtYy/1ni01eGCw==",
      "requires": {
        "graceful-fs": "4.1.15",
        "jsonfile": "4.0.0",
        "universalify": "0.1.2"
      }
    },
    "fs.realpath": {
      "version": "1.0.0",
      "resolved": "https://registry.npmjs.org/fs.realpath/-/fs.realpath-1.0.0.tgz",
      "integrity": "sha1-FQStJSMVjKpA20onh8sBQRmU6k8="
    },
    "get-func-name": {
      "version": "2.0.0",
      "resolved": "https://registry.npmjs.org/get-func-name/-/get-func-name-2.0.0.tgz",
      "integrity": "sha1-6td0q+5y4gQJQzoGY2YCPdaIekE="
    },
    "glob": {
      "version": "7.1.2",
      "resolved": "https://registry.npmjs.org/glob/-/glob-7.1.2.tgz",
      "integrity": "sha512-MJTUg1kjuLeQCJ+ccE4Vpa6kKVXkPYJ2mOCQyUuKLcLQsdrMCpBPUi8qVE6+YuaJkozeA9NusTAw3hLr8Xe5EQ==",
      "requires": {
        "fs.realpath": "1.0.0",
        "inflight": "1.0.6",
        "inherits": "2.0.4",
        "minimatch": "3.0.4",
        "once": "1.4.0",
        "path-is-absolute": "1.0.1"
      }
    },
    "graceful-fs": {
      "version": "4.1.15",
      "resolved": "https://registry.npmjs.org/graceful-fs/-/graceful-fs-4.1.15.tgz",
      "integrity": "sha512-6uHUhOPEBgQ24HM+r6b/QwWfZq+yiFcipKFrOFiBEnWdy5sdzYoi+pJeQaPI5qOLRFqWmAXUPQNsielzdLoecA=="
    },
    "growl": {
      "version": "1.10.5",
      "resolved": "https://registry.npmjs.org/growl/-/growl-1.10.5.tgz",
      "integrity": "sha512-qBr4OuELkhPenW6goKVXiv47US3clb3/IbuWF9KNKEijAy9oeHxU9IgzjvJhHkUzhaj7rOUD7+YGWqUjLp5oSA=="
    },
    "has-flag": {
      "version": "3.0.0",
      "resolved": "https://registry.npmjs.org/has-flag/-/has-flag-3.0.0.tgz",
      "integrity": "sha1-tdRU3CGZriJWmfNGfloH87lVuv0="
    },
    "he": {
      "version": "1.1.1",
      "resolved": "https://registry.npmjs.org/he/-/he-1.1.1.tgz",
      "integrity": "sha1-k0EP0hsAlzUVH4howvJx80J+I/0="
    },
    "inflight": {
      "version": "1.0.6",
      "resolved": "https://registry.npmjs.org/inflight/-/inflight-1.0.6.tgz",
      "integrity": "sha1-Sb1jMdfQLQwJvJEKEHW6gWW1bfk=",
      "requires": {
        "once": "1.4.0",
        "wrappy": "1.0.2"
      }
    },
    "inherits": {
      "version": "2.0.4",
      "resolved": "https://registry.npmjs.org/inherits/-/inherits-2.0.4.tgz",
      "integrity": "sha512-k/vGaX4/Yla3WzyMCvTQOXYeIHvqOKtnqBduzTHpzpQZzAskKMhZ2K+EnBiSM9zGSoIFeMpXKxa4dYeZIQqewQ=="
    },
    "is-wsl": {
      "version": "1.1.0",
      "resolved": "https://registry.npmjs.org/is-wsl/-/is-wsl-1.1.0.tgz",
      "integrity": "sha1-HxbkqiKwTRM2tmGIpmrzxgDDpm0="
    },
    "jsonfile": {
      "version": "4.0.0",
      "resolved": "https://registry.npmjs.org/jsonfile/-/jsonfile-4.0.0.tgz",
      "integrity": "sha1-h3Gq4HmbZAdrdmQPygWPnBDjPss=",
      "requires": {
        "graceful-fs": "4.1.15"
      }
    },
    "lodash": {
      "version": "4.17.11",
      "resolved": "https://registry.npmjs.org/lodash/-/lodash-4.17.11.tgz",
      "integrity": "sha512-cQKh8igo5QUhZ7lg38DYWAxMvjSAKG0A8wGSVimP07SIUEK2UO+arSRKbRZWtelMtN5V0Hkwh5ryOto/SshYIg=="
    },
    "minimatch": {
      "version": "3.0.4",
      "resolved": "https://registry.npmjs.org/minimatch/-/minimatch-3.0.4.tgz",
      "integrity": "sha512-yJHVQEhyqPLUTgt9B83PXu6W3rx4MvvHvSUvToogpwoGDOUQ+yDrR0HRot+yOCdCO7u4hX3pWft6kWBBcqh0UA==",
      "requires": {
        "brace-expansion": "1.1.11"
      }
    },
    "minimist": {
      "version": "0.0.8",
      "resolved": "https://registry.npmjs.org/minimist/-/minimist-0.0.8.tgz",
      "integrity": "sha1-hX/Kv8M5fSYluCKCYuhqp6ARsF0="
    },
    "mkdirp": {
      "version": "0.5.1",
      "resolved": "https://registry.npmjs.org/mkdirp/-/mkdirp-0.5.1.tgz",
      "integrity": "sha1-MAV0OOrGz3+MR2fzhkjWaX11yQM=",
      "requires": {
        "minimist": "0.0.8"
      }
    },
    "mocha": {
      "version": "5.2.0",
      "resolved": "https://registry.npmjs.org/mocha/-/mocha-5.2.0.tgz",
      "integrity": "sha512-2IUgKDhc3J7Uug+FxMXuqIyYzH7gJjXECKe/w43IGgQHTSj3InJi+yAA7T24L9bQMRKiUEHxEX37G5JpVUGLcQ==",
      "requires": {
        "browser-stdout": "1.3.1",
        "commander": "2.15.1",
        "debug": "3.1.0",
        "diff": "3.5.0",
        "escape-string-regexp": "1.0.5",
        "glob": "7.1.2",
        "growl": "1.10.5",
        "he": "1.1.1",
        "minimatch": "3.0.4",
        "mkdirp": "0.5.1",
        "supports-color": "5.4.0"
      },
      "dependencies": {
        "commander": {
          "version": "2.15.1",
          "resolved": "https://registry.npmjs.org/commander/-/commander-2.15.1.tgz",
          "integrity": "sha512-VlfT9F3V0v+jr4yxPc5gg9s62/fIVWsd2Bk2iD435um1NlGMYdVCq+MjcXnhYq2icNOizHr1kK+5TI6H0Hy0ag=="
        },
        "supports-color": {
          "version": "5.4.0",
          "resolved": "https://registry.npmjs.org/supports-color/-/supports-color-5.4.0.tgz",
          "integrity": "sha512-zjaXglF5nnWpsq470jSv6P9DwPvgLkuapYmfDm3JWOm0vkNTVF2tI4UrN2r6jH1qM/uc/WtxYY1hYoA2dOKj5w==",
          "requires": {
            "has-flag": "3.0.0"
          }
        }
      }
    },
    "ms": {
      "version": "2.0.0",
      "resolved": "https://registry.npmjs.org/ms/-/ms-2.0.0.tgz",
      "integrity": "sha1-VgiurfwAvmwpAd9fmGF4jeDVl8g="
    },
    "nodeify-ts": {
      "version": "1.0.6",
      "resolved": "https://registry.npmjs.org/nodeify-ts/-/nodeify-ts-1.0.6.tgz",
      "integrity": "sha512-jq+8sqVG1aLqy5maMTceL8NUJ1CvarWztlxvrYh3G0aao9BsVeoVmVedUnrUSBLetP7oLIAJrPrw4+iIo7v3GA=="
    },
    "once": {
      "version": "1.4.0",
      "resolved": "https://registry.npmjs.org/once/-/once-1.4.0.tgz",
      "integrity": "sha1-WDsap3WWHUsROsF9nFC6753Xa9E=",
      "requires": {
        "wrappy": "1.0.2"
      }
    },
    "opn": {
      "version": "5.5.0",
      "resolved": "https://registry.npmjs.org/opn/-/opn-5.5.0.tgz",
      "integrity": "sha512-PqHpggC9bLV0VeWcdKhkpxY+3JTzetLSqTCWL/z/tFIbI6G8JCjondXklT1JinczLz2Xib62sSp0T/gKT4KksA==",
      "requires": {
        "is-wsl": "1.1.0"
      }
    },
    "original-require": {
      "version": "1.0.1",
      "resolved": "https://registry.npmjs.org/original-require/-/original-require-1.0.1.tgz",
      "integrity": "sha1-DxMEcVhM0zURxew4yNWSE/msXiA="
    },
    "path": {
      "version": "0.12.7",
      "resolved": "https://registry.npmjs.org/path/-/path-0.12.7.tgz",
      "integrity": "sha1-1NwqUGxM4hl+tIHr/NWzbAFAsQ8=",
      "requires": {
        "process": "0.11.10",
        "util": "0.10.4"
      }
    },
    "path-is-absolute": {
      "version": "1.0.1",
      "resolved": "https://registry.npmjs.org/path-is-absolute/-/path-is-absolute-1.0.1.tgz",
      "integrity": "sha1-F0uSaHNVNP+8es5r9TpanhtcX18="
    },
    "pathval": {
      "version": "1.1.0",
      "resolved": "https://registry.npmjs.org/pathval/-/pathval-1.1.0.tgz",
      "integrity": "sha1-uULm1L3mUwBe9rcTYd74cn0GReA="
    },
    "process": {
      "version": "0.11.10",
      "resolved": "https://registry.npmjs.org/process/-/process-0.11.10.tgz",
      "integrity": "sha1-czIwDoQBYb2j5podHZGn1LwW8YI="
    },
    "type-detect": {
      "version": "4.0.8",
      "resolved": "https://registry.npmjs.org/type-detect/-/type-detect-4.0.8.tgz",
      "integrity": "sha512-0fr/mIH1dlO+x7TlcMy+bIDqKPsw/70tVyeHW787goQjhmqaZe10uwLujubK9q9Lg6Fiho1KUKDYz0Z7k7g5/g=="
    },
    "universalify": {
      "version": "0.1.2",
      "resolved": "https://registry.npmjs.org/universalify/-/universalify-0.1.2.tgz",
      "integrity": "sha512-rBJeI5CXAlmy1pV+617WB9J63U6XcazHHF2f2dbJix4XzpUF0RS3Zbj0FGIOCAva5P/d/GBOYaACQ1w+0azUkg=="
    },
    "util": {
      "version": "0.10.4",
      "resolved": "https://registry.npmjs.org/util/-/util-0.10.4.tgz",
      "integrity": "sha512-0Pm9hTQ3se5ll1XihRic3FDIku70C+iHUdT/W926rSgHV5QgXsYbKZN8MSC3tJtSkhuROzvsQjAaFENRXr+19A==",
      "requires": {
        "inherits": "2.0.3"
      },
      "dependencies": {
        "inherits": {
          "version": "2.0.3",
          "resolved": "https://registry.npmjs.org/inherits/-/inherits-2.0.3.tgz",
          "integrity": "sha1-Yzwsg+PaQqUC9SRmAiSA9CCCYd4="
        }
      }
    },
    "wrappy": {
      "version": "1.0.2",
      "resolved": "https://registry.npmjs.org/wrappy/-/wrappy-1.0.2.tgz",
      "integrity": "sha1-tSQ9jz7BqjXxNkYFvA0QNuMKtp8="
    }
  }
}
