{
	"name": "forgae",
	"version": "2.0.1",
	"lockfileVersion": 1,
	"requires": true,
	"dependencies": {
		"@aeternity/aepp-sdk": {
			"version": "3.4.0",
			"resolved": "https://registry.npmjs.org/@aeternity/aepp-sdk/-/aepp-sdk-3.4.0.tgz",
			"integrity": "sha512-0ryBWy8VFSJKpW/TYKw+Gd9bNgW/MrMLOVq38SJYstAM+0WOL4nV0dmqA6rTgsJPlPH8nc06TXSbWlpqy3uVBw==",
			"requires": {
				"@aeternity/bip39": "^0.1.0",
				"@babel/runtime": "^7.0.0-beta.46",
				"@stamp/it": "^1.0.3",
				"@stamp/required": "^1.0.1",
				"aes-js": "^3.1.1",
				"argon2": "^0.19.3",
				"axios": "^0.18.0",
				"bignumber.js": "^8.0.1",
				"bip32-path": "^0.4.2",
				"blakejs": "^1.1.0",
				"bs58check": "^2.1.1",
				"commander": "^2.14.1",
				"joi-browser": "^13.4.0",
				"json-bigint": "github:davidyuk/json-bigint",
				"libsodium-wrappers-sumo": "0.7.3",
				"ramda": "^0.25.0",
				"rlp": "2.1.0",
				"serialize-javascript": "^1.5.0",
				"sha.js": "^2.4.11",
				"tweetnacl": "^1.0.0",
				"tweetnacl-auth": "^1.0.1",
				"universal-url": "^2.0.0",
				"uuid": "^3.3.2",
				"websocket": "^1.0.26"
			}
		},
		"@aeternity/bip39": {
			"version": "0.1.0",
			"resolved": "https://registry.npmjs.org/@aeternity/bip39/-/bip39-0.1.0.tgz",
			"integrity": "sha512-ppRs0WTPpBAFJ2sDxt9eT0risarxeD8ByQO2qFmoAkaeA7galyWkx82AL0G5QrqGPC8DC+0gjc6l6Q8ueuD3hA==",
			"requires": {
				"create-hash": "^1.1.0",
				"pbkdf2": "^3.0.9",
				"randombytes": "^2.0.1",
				"safe-buffer": "^5.0.1"
			}
		},
		"@babel/runtime": {
			"version": "7.4.5",
			"resolved": "https://registry.npmjs.org/@babel/runtime/-/runtime-7.4.5.tgz",
			"integrity": "sha512-TuI4qpWZP6lGOGIuGWtp9sPluqYICmbk8T/1vpSysqJxRPkudh/ofFWyqdcMsDf2s7KvDL4/YHgKyvcS3g9CJQ==",
			"requires": {
				"regenerator-runtime": "^0.13.2"
			}
		},
		"@phc/format": {
			"version": "0.4.3",
			"resolved": "https://registry.npmjs.org/@phc/format/-/format-0.4.3.tgz",
			"integrity": "sha512-UEgVMbufNOVXwTgykJ1v2q6Z2T10bfVjCxV/uYZKDI+14gMemoFOzt+4h1zyqy0QNFShP6QgsU+Sn+lRPYkaYw==",
			"requires": {
				"safe-buffer": "^5.1.2"
			}
		},
		"@stamp/compose": {
			"version": "1.0.2",
			"resolved": "https://registry.npmjs.org/@stamp/compose/-/compose-1.0.2.tgz",
			"integrity": "sha512-TW1/jTGesxfkFRZUNTgQ9r4Ln6YaIArZmi836o21szc8z+gxrIWrYAtI4r9LfxeD9tnTymAjB1TtvJ19OYFo3Q==",
			"requires": {
				"@stamp/core": "^1.0.1",
				"@stamp/is": "^1.0.0"
			}
		},
		"@stamp/core": {
			"version": "1.0.1",
			"resolved": "https://registry.npmjs.org/@stamp/core/-/core-1.0.1.tgz",
			"integrity": "sha512-oZMdU17ZgUJOHHtHXXTb4afmGKpH2kNFfXYpkd3Scs3U+1ygyqFQrpzo/F2qrnEHJOXfvBafyvA/2u4Pdm+R9g==",
			"requires": {
				"@stamp/is": "^1.0.0"
			}
		},
		"@stamp/is": {
			"version": "1.0.0",
			"resolved": "https://registry.npmjs.org/@stamp/is/-/is-1.0.0.tgz",
			"integrity": "sha1-7fAxo7Q+4fB+e3S/vYN8gpgOslo="
		},
		"@stamp/it": {
			"version": "1.1.0",
			"resolved": "https://registry.npmjs.org/@stamp/it/-/it-1.1.0.tgz",
			"integrity": "sha512-xhNHGQwPwSPm96yHpkU7DGWiKfiqhZueOvqpv8P6U0eWRVgz3bbthf9nGqjyynUmQC8S7Qekfp6IWniPHwivbg==",
			"requires": {
				"@stamp/compose": "^1.0.2",
				"@stamp/core": "^1.0.1",
				"@stamp/is": "^1.0.0",
				"@stamp/shortcut": "^1.0.2"
			}
		},
		"@stamp/required": {
			"version": "1.0.1",
			"resolved": "https://registry.npmjs.org/@stamp/required/-/required-1.0.1.tgz",
			"integrity": "sha512-LYeqXjwZ2hti6wscONrketjPNmg8x8Nis2gGQDwnyrMW97Pqv563lt/7ZmreE92dX30p9VQr7dOmN0CFrGVMmQ==",
			"requires": {
				"@stamp/compose": "^1.0.2",
				"@stamp/core": "^1.0.1",
				"@stamp/is": "^1.0.0"
			}
		},
		"@stamp/shortcut": {
			"version": "1.0.2",
			"resolved": "https://registry.npmjs.org/@stamp/shortcut/-/shortcut-1.0.2.tgz",
			"integrity": "sha512-waC10TO4rK/nG3YX717nqQVyVkjaH3f8bu/H0vvtCZJo8805aI5WHTefQei3G5A3vdq3nt8TDfCBqfyWXZZFSg==",
			"requires": {
				"@stamp/compose": "^1.0.2"
			}
		},
		"@types/blue-tape": {
			"version": "0.1.33",
			"resolved": "https://registry.npmjs.org/@types/blue-tape/-/blue-tape-0.1.33.tgz",
			"integrity": "sha512-l5cQcLM3aPh55bBQ4geWQ8hZ4Ew+s4RvyhMaBpgW3aJ2HUfRgwd8ENKrk/utC4Hz1dJAiehyIa4vN6emxBMaog==",
			"requires": {
				"@types/node": "*",
				"@types/tape": "*"
			}
		},
		"@types/lodash": {
			"version": "4.14.119",
			"resolved": "https://registry.npmjs.org/@types/lodash/-/lodash-4.14.119.tgz",
			"integrity": "sha512-Z3TNyBL8Vd/M9D9Ms2S3LmFq2sSMzahodD6rCS9V2N44HUMINb75jNkSuwAx7eo2ufqTdfOdtGQpNbieUjPQmw=="
		},
		"@types/node": {
			"version": "12.0.4",
			"resolved": "https://registry.npmjs.org/@types/node/-/node-12.0.4.tgz",
			"integrity": "sha512-j8YL2C0fXq7IONwl/Ud5Kt0PeXw22zGERt+HSSnwbKOJVsAGkEz3sFCYwaF9IOuoG1HOtE0vKCj6sXF7Q0+Vaw=="
		},
		"@types/tape": {
			"version": "4.2.33",
			"resolved": "https://registry.npmjs.org/@types/tape/-/tape-4.2.33.tgz",
			"integrity": "sha512-ltfyuY5BIkYlGuQfwqzTDT8f0q8Z5DGppvUnWGs39oqDmMd6/UWhNpX3ZMh/VYvfxs3rFGHMrLC/eGRdLiDGuw==",
			"requires": {
				"@types/node": "*"
			}
		},
		"aes-js": {
			"version": "3.1.2",
			"resolved": "https://registry.npmjs.org/aes-js/-/aes-js-3.1.2.tgz",
			"integrity": "sha512-e5pEa2kBnBOgR4Y/p20pskXI74UEz7de8ZGVo58asOtvSVG5YAbJeELPZxOmt+Bnz3rX753YKhfIn4X4l1PPRQ=="
		},
		"ansi-styles": {
			"version": "3.2.1",
			"resolved": "https://registry.npmjs.org/ansi-styles/-/ansi-styles-3.2.1.tgz",
			"integrity": "sha512-VT0ZI6kZRdTh8YyJw3SMbYm/u+NqfsAxEpWO0Pf9sq8/e94WxxOpPKx9FR1FlyCtOVDNOQ+8ntlqFxiRc+r5qA==",
			"requires": {
				"color-convert": "^1.9.0"
			}
		},
		"any-promise": {
			"version": "1.3.0",
			"resolved": "https://registry.npmjs.org/any-promise/-/any-promise-1.3.0.tgz",
			"integrity": "sha1-q8av7tzqUugJzcA3au0845Y10X8="
		},
		"argon2": {
			"version": "0.19.3",
			"resolved": "https://registry.npmjs.org/argon2/-/argon2-0.19.3.tgz",
			"integrity": "sha1-TlnLO89dHwnKB7RScWM0Zw75oLc=",
			"requires": {
				"@phc/format": "^0.4.2",
				"any-promise": "^1.3.0",
				"bindings": "^1.3.0",
				"nan": "^2.10.0"
			}
		},
		"assertion-error": {
			"version": "1.1.0",
			"resolved": "https://registry.npmjs.org/assertion-error/-/assertion-error-1.1.0.tgz",
			"integrity": "sha512-jgsaNduz+ndvGyFt3uSuWqvy4lCnIJiovtouQN5JZHOKCS2QuhEdbcQHFhVksz2N2U9hXJo8odG7ETyWlEeuDw=="
		},
		"axios": {
			"version": "0.18.1",
			"resolved": "https://registry.npmjs.org/axios/-/axios-0.18.1.tgz",
			"integrity": "sha512-0BfJq4NSfQXd+SkFdrvFbG7addhYSBA2mQwISr46pD6E5iqkWg02RAs8vyTT/j0RTnoYmeXauBuSv1qKwR179g==",
			"requires": {
				"follow-redirects": "1.5.10",
				"is-buffer": "^2.0.2"
			}
		},
		"balanced-match": {
			"version": "1.0.0",
			"resolved": "https://registry.npmjs.org/balanced-match/-/balanced-match-1.0.0.tgz",
			"integrity": "sha1-ibTRmasr7kneFk6gK4nORi1xt2c="
		},
		"base-x": {
			"version": "3.0.5",
			"resolved": "https://registry.npmjs.org/base-x/-/base-x-3.0.5.tgz",
			"integrity": "sha512-C3picSgzPSLE+jW3tcBzJoGwitOtazb5B+5YmAxZm2ybmTi9LNgAtDO/jjVEBZwHoXmDBZ9m/IELj3elJVRBcA==",
			"requires": {
				"safe-buffer": "^5.0.1"
			}
		},
		"bignumber.js": {
			"version": "8.1.1",
			"resolved": "https://registry.npmjs.org/bignumber.js/-/bignumber.js-8.1.1.tgz",
			"integrity": "sha512-QD46ppGintwPGuL1KqmwhR0O+N2cZUg8JG/VzwI2e28sM9TqHjQB10lI4QAaMHVbLzwVLLAwEglpKPViWX+5NQ=="
		},
		"bindings": {
			"version": "1.5.0",
			"resolved": "https://registry.npmjs.org/bindings/-/bindings-1.5.0.tgz",
			"integrity": "sha512-p2q/t/mhvuOj/UeLlV6566GD/guowlr0hHxClI0W9m7MWYkL1F0hLo+0Aexs9HSPCtR1SXQ0TD3MMKrXZajbiQ==",
			"requires": {
				"file-uri-to-path": "1.0.0"
			}
		},
		"bip32-path": {
			"version": "0.4.2",
			"resolved": "https://registry.npmjs.org/bip32-path/-/bip32-path-0.4.2.tgz",
			"integrity": "sha1-XbBBataCJxLwd4NuJVe4aXwMfJk="
		},
		"blakejs": {
			"version": "1.1.0",
			"resolved": "https://registry.npmjs.org/blakejs/-/blakejs-1.1.0.tgz",
			"integrity": "sha1-ad+S75U6qIylGjLfarHFShVfx6U="
		},
		"brace-expansion": {
			"version": "1.1.11",
			"resolved": "https://registry.npmjs.org/brace-expansion/-/brace-expansion-1.1.11.tgz",
			"integrity": "sha512-iCuPHDFgrHX7H2vEI/5xpz07zSHB00TpugqhmYtVmMO6518mCuRMoOYFldEBl0g187ufozdaHgWKcYFb61qGiA==",
			"requires": {
				"balanced-match": "^1.0.0",
				"concat-map": "0.0.1"
			}
		},
		"browser-stdout": {
			"version": "1.3.1",
			"resolved": "https://registry.npmjs.org/browser-stdout/-/browser-stdout-1.3.1.tgz",
			"integrity": "sha512-qhAVI1+Av2X7qelOfAIYwXONood6XlZE/fXaBSmW/T5SzLAmCgzi+eiWE7fUvbHaeNBQH13UftjpXxsfLkMpgw=="
		},
		"bs58": {
			"version": "4.0.1",
			"resolved": "https://registry.npmjs.org/bs58/-/bs58-4.0.1.tgz",
			"integrity": "sha1-vhYedsNU9veIrkBx9j806MTwpCo=",
			"requires": {
				"base-x": "^3.0.2"
			}
		},
		"bs58check": {
			"version": "2.1.2",
			"resolved": "https://registry.npmjs.org/bs58check/-/bs58check-2.1.2.tgz",
			"integrity": "sha512-0TS1jicxdU09dwJMNZtVAfzPi6Q6QeN0pM1Fkzrjn+XYHvzMKPU3pHVpva+769iNVSfIYWf7LJ6WR+BuuMf8cA==",
			"requires": {
				"bs58": "^4.0.0",
				"create-hash": "^1.1.0",
				"safe-buffer": "^5.1.2"
			}
		},
		"chai": {
			"version": "4.2.0",
			"resolved": "https://registry.npmjs.org/chai/-/chai-4.2.0.tgz",
			"integrity": "sha512-XQU3bhBukrOsQCuwZndwGcCVQHyZi53fQ6Ys1Fym7E4olpIqqZZhhoFJoaKVvV17lWQoXYwgWN2nF5crA8J2jw==",
			"requires": {
				"assertion-error": "^1.1.0",
				"check-error": "^1.0.2",
				"deep-eql": "^3.0.1",
				"get-func-name": "^2.0.0",
				"pathval": "^1.1.0",
				"type-detect": "^4.0.5"
			}
		},
		"chai-as-promised": {
			"version": "7.1.1",
			"resolved": "https://registry.npmjs.org/chai-as-promised/-/chai-as-promised-7.1.1.tgz",
			"integrity": "sha512-azL6xMoi+uxu6z4rhWQ1jbdUhOMhis2PvscD/xjLqNMkv3BPPp2JyyuTHOrf9BOosGpNQ11v6BKv/g57RXbiaA==",
			"requires": {
				"check-error": "^1.0.2"
			}
		},
		"chalk": {
			"version": "2.4.2",
			"resolved": "https://registry.npmjs.org/chalk/-/chalk-2.4.2.tgz",
			"integrity": "sha512-Mti+f9lpJNcwF4tWV8/OrTTtF1gZi+f8FqlyAdouralcFWFQWF2+NgCHShjkCb+IFBLq9buZwE1xckQU4peSuQ==",
			"requires": {
				"ansi-styles": "^3.2.1",
				"escape-string-regexp": "^1.0.5",
				"supports-color": "^5.3.0"
			}
		},
		"check-error": {
			"version": "1.0.2",
			"resolved": "https://registry.npmjs.org/check-error/-/check-error-1.0.2.tgz",
			"integrity": "sha1-V00xLt2Iu13YkS6Sht1sCu1KrII="
		},
		"cipher-base": {
			"version": "1.0.4",
			"resolved": "https://registry.npmjs.org/cipher-base/-/cipher-base-1.0.4.tgz",
			"integrity": "sha512-Kkht5ye6ZGmwv40uUDZztayT2ThLQGfnj/T71N/XzeZeo3nf8foyW7zGTsPYkEya3m5f3cAypH+qe7YOrM1U2Q==",
			"requires": {
				"inherits": "^2.0.1",
				"safe-buffer": "^5.0.1"
			}
		},
		"cli-table": {
			"version": "0.3.1",
			"resolved": "https://registry.npmjs.org/cli-table/-/cli-table-0.3.1.tgz",
			"integrity": "sha1-9TsFJmqLGguTSz0IIebi3FkUriM=",
			"requires": {
				"colors": "1.0.3"
			}
		},
		"cli-table-2-json": {
			"version": "1.0.12",
			"resolved": "https://registry.npmjs.org/cli-table-2-json/-/cli-table-2-json-1.0.12.tgz",
			"integrity": "sha512-w4K5AGCI6CRsdUJAayiMEKusCMEK8TcZIbhHLLNJJdS6iu5P2dHbjf6EcmWm61fxfKLlmtwrtpiKT9SJJ+b7Sw==",
			"requires": {
				"@types/blue-tape": "^0.1.30",
				"@types/lodash": "4.14.119",
				"lodash": "4.17.11"
			}
		},
		"color-convert": {
			"version": "1.9.3",
			"resolved": "https://registry.npmjs.org/color-convert/-/color-convert-1.9.3.tgz",
			"integrity": "sha512-QfAUtd+vFdAtFQcC8CCyYt1fYWxSqAiK2cSD6zDB8N3cpsEBAvRxp9zOGg6G/SHHJYAT88/az/IuDGALsNVbGg==",
			"requires": {
				"color-name": "1.1.3"
			}
		},
		"color-name": {
			"version": "1.1.3",
			"resolved": "https://registry.npmjs.org/color-name/-/color-name-1.1.3.tgz",
			"integrity": "sha1-p9BVi9icQveV3UIyj3QIMcpTvCU="
		},
		"colors": {
			"version": "1.0.3",
			"resolved": "https://registry.npmjs.org/colors/-/colors-1.0.3.tgz",
			"integrity": "sha1-BDP0TYCWgP3rYO0mDxsMJi6CpAs="
		},
		"commander": {
			"version": "2.20.0",
			"resolved": "https://registry.npmjs.org/commander/-/commander-2.20.0.tgz",
			"integrity": "sha512-7j2y+40w61zy6YC2iRNpUe/NwhNyoXrYpHMrSunaMG64nRnaf96zO/KMQR4OyN/UnE5KLyEBnKHd4aG3rskjpQ=="
		},
		"concat-map": {
			"version": "0.0.1",
			"resolved": "https://registry.npmjs.org/concat-map/-/concat-map-0.0.1.tgz",
			"integrity": "sha1-2Klr13/Wjfd5OnMDajug1UBdR3s="
		},
		"create-hash": {
			"version": "1.2.0",
			"resolved": "https://registry.npmjs.org/create-hash/-/create-hash-1.2.0.tgz",
			"integrity": "sha512-z00bCGNHDG8mHAkP7CtT1qVu+bFQUPjYq/4Iv3C3kWjTFV10zIjfSoeqXo9Asws8gwSHDGj/hl2u4OGIjapeCg==",
			"requires": {
				"cipher-base": "^1.0.1",
				"inherits": "^2.0.1",
				"md5.js": "^1.3.4",
				"ripemd160": "^2.0.1",
				"sha.js": "^2.4.0"
			}
		},
		"create-hmac": {
			"version": "1.1.7",
			"resolved": "https://registry.npmjs.org/create-hmac/-/create-hmac-1.1.7.tgz",
			"integrity": "sha512-MJG9liiZ+ogc4TzUwuvbER1JRdgvUFSB5+VR/g5h82fGaIRWMWddtKBHi7/sVhfjQZ6SehlyhvQYrcYkaUIpLg==",
			"requires": {
				"cipher-base": "^1.0.3",
				"create-hash": "^1.1.0",
				"inherits": "^2.0.1",
				"ripemd160": "^2.0.0",
				"safe-buffer": "^5.0.1",
				"sha.js": "^2.4.8"
			}
		},
		"debug": {
			"version": "3.1.0",
			"resolved": "https://registry.npmjs.org/debug/-/debug-3.1.0.tgz",
			"integrity": "sha512-OX8XqP7/1a9cqkxYw2yXss15f26NKWBpDXQd0/uK/KPqdQhxbPa994hnzjcE2VqQpDslf55723cKPUOGSmMY3g==",
			"requires": {
				"ms": "2.0.0"
			}
		},
		"deep-eql": {
			"version": "3.0.1",
			"resolved": "https://registry.npmjs.org/deep-eql/-/deep-eql-3.0.1.tgz",
			"integrity": "sha512-+QeIQyN5ZuO+3Uk5DYh6/1eKO0m0YmJFGNmFHGACpf1ClL1nmlV/p4gNgbl2pJGxgXb4faqo6UE+M5ACEMyVcw==",
			"requires": {
				"type-detect": "^4.0.0"
			}
		},
		"diff": {
			"version": "3.5.0",
			"resolved": "https://registry.npmjs.org/diff/-/diff-3.5.0.tgz",
			"integrity": "sha512-A46qtFgd+g7pDZinpnwiRJtxbC1hpgf0uzP3iG89scHk0AUC7A1TGxf5OiiOUv/JMZR8GOt8hL900hV0bOy5xA=="
		},
		"docker-cli-js": {
			"version": "2.5.2",
			"resolved": "https://registry.npmjs.org/docker-cli-js/-/docker-cli-js-2.5.2.tgz",
			"integrity": "sha512-uoDNhZ5mpCLHtDGzX7tNg2FQVFt4Kf4PfdxiXAHqx4iBXQNEHtIkFLHuVP7S+x/MoxUqjgR/S3vyCtwo/pPDbw==",
			"requires": {
				"cli-table-2-json": "1.0.12",
				"dockermachine-cli-js": "3.0.4",
				"lodash": "4.17.11",
				"nodeify-ts": "1.0.6"
			}
		},
		"dockermachine-cli-js": {
			"version": "3.0.4",
			"resolved": "https://registry.npmjs.org/dockermachine-cli-js/-/dockermachine-cli-js-3.0.4.tgz",
			"integrity": "sha512-iQYkVp/fI1MZ0I9QDWOHfv/weTJeHEN1Bla8TtONjJBbUAp5QPNM3r9UL5bUNvpsHR7YzVMEd6HersBq7pHogA==",
			"requires": {
				"cli-table-2-json": "1.0.12",
				"nodeify-ts": "1.0.6"
			}
		},
		"escape-string-regexp": {
			"version": "1.0.5",
			"resolved": "https://registry.npmjs.org/escape-string-regexp/-/escape-string-regexp-1.0.5.tgz",
			"integrity": "sha1-G2HAViGQqN/2rjuyzwIAyhMLhtQ="
		},
		"esm": {
			"version": "3.2.25",
			"resolved": "https://registry.npmjs.org/esm/-/esm-3.2.25.tgz",
			"integrity": "sha512-U1suiZ2oDVWv4zPO56S0NcR5QriEahGtdN2OR6FiOG4WJvcjBVFB0qI4+eKoWFH483PKGuLuu6V8Z4T5g63UVA=="
		},
		"file-uri-to-path": {
			"version": "1.0.0",
			"resolved": "https://registry.npmjs.org/file-uri-to-path/-/file-uri-to-path-1.0.0.tgz",
			"integrity": "sha512-0Zt+s3L7Vf1biwWZ29aARiVYLx7iMGnEUl9x33fbB/j3jR81u/O2LbqK+Bm1CDSNDKVtJ/YjwY7TUd5SkeLQLw=="
		},
		"follow-redirects": {
			"version": "1.5.10",
			"resolved": "https://registry.npmjs.org/follow-redirects/-/follow-redirects-1.5.10.tgz",
			"integrity": "sha512-0V5l4Cizzvqt5D44aTXbFZz+FtyXV1vrDN6qrelxtfYQKW0KO0W2T/hkE8xvGa/540LkZlkaUjO4ailYTFtHVQ==",
			"requires": {
				"debug": "=3.1.0"
			}
		},
		"forgae-config": {
			"version": "1.0.0",
			"resolved": "https://registry.npmjs.org/forgae-config/-/forgae-config-1.0.0.tgz",
			"integrity": "sha512-3Ul1/9BbZGYCKxxUG4oKkVpGVRbdM+Vzt1+aq2IPErgCGnlaYw38taVNPKkNxHeCy6U6YH3O/W/Y60WB+URUKw=="
		},
		"forgae-logger": {
			"version": "1.0.0",
			"resolved": "https://registry.npmjs.org/forgae-logger/-/forgae-logger-1.0.0.tgz",
			"integrity": "sha512-zdPGHM0z75NorB5vI8cuYJHRyoFdnkg0GT7y0Hp2EWHZJYQgZ8ChzAzkGsiTJCdLBU8t4kRjBhGokZAof1QUmw==",
			"requires": {
				"fs-extra": "^7.0.1"
			}
		},
		"forgae-utils": {
			"version": "1.0.0",
			"resolved": "https://registry.npmjs.org/forgae-utils/-/forgae-utils-1.0.0.tgz",
			"integrity": "sha512-yjNUkdNN86T/v7ezQ8JKil2cozO5pDsAz6valZiMHWAEthRi7TSce0jgmMSErMZ4/4Cjc8Yc0pCaG3MssJ5Ljg==",
			"requires": {
				"@aeternity/aepp-sdk": "3.4.0",
				"chalk": "^2.4.1",
				"cli-table": "^0.3.1",
				"esm": "^3.0.77",
				"forgae-config": "^1.0.0",
				"fs-extra": "^7.0.1",
				"moment": "^2.23.0",
				"node-dir": "^0.1.17",
				"path": "^0.12.7",
				"promisify-child-process": "^2.1.2"
			}
		},
		"fs-extra": {
			"version": "7.0.1",
			"resolved": "https://registry.npmjs.org/fs-extra/-/fs-extra-7.0.1.tgz",
			"integrity": "sha512-YJDaCJZEnBmcbw13fvdAM9AwNOJwOzrE4pqMqBq5nFiEqXUqHwlK4B+3pUw6JNvfSPtX05xFHtYy/1ni01eGCw==",
			"requires": {
				"graceful-fs": "^4.1.2",
				"jsonfile": "^4.0.0",
				"universalify": "^0.1.0"
			}
		},
		"fs.realpath": {
			"version": "1.0.0",
			"resolved": "https://registry.npmjs.org/fs.realpath/-/fs.realpath-1.0.0.tgz",
			"integrity": "sha1-FQStJSMVjKpA20onh8sBQRmU6k8="
		},
		"get-func-name": {
			"version": "2.0.0",
			"resolved": "https://registry.npmjs.org/get-func-name/-/get-func-name-2.0.0.tgz",
			"integrity": "sha1-6td0q+5y4gQJQzoGY2YCPdaIekE="
		},
		"glob": {
			"version": "7.1.2",
			"resolved": "https://registry.npmjs.org/glob/-/glob-7.1.2.tgz",
			"integrity": "sha512-MJTUg1kjuLeQCJ+ccE4Vpa6kKVXkPYJ2mOCQyUuKLcLQsdrMCpBPUi8qVE6+YuaJkozeA9NusTAw3hLr8Xe5EQ==",
			"requires": {
				"fs.realpath": "^1.0.0",
				"inflight": "^1.0.4",
				"inherits": "2",
				"minimatch": "^3.0.4",
				"once": "^1.3.0",
				"path-is-absolute": "^1.0.0"
			}
		},
		"graceful-fs": {
			"version": "4.1.15",
			"resolved": "https://registry.npmjs.org/graceful-fs/-/graceful-fs-4.1.15.tgz",
			"integrity": "sha512-6uHUhOPEBgQ24HM+r6b/QwWfZq+yiFcipKFrOFiBEnWdy5sdzYoi+pJeQaPI5qOLRFqWmAXUPQNsielzdLoecA=="
		},
		"growl": {
			"version": "1.10.5",
			"resolved": "https://registry.npmjs.org/growl/-/growl-1.10.5.tgz",
			"integrity": "sha512-qBr4OuELkhPenW6goKVXiv47US3clb3/IbuWF9KNKEijAy9oeHxU9IgzjvJhHkUzhaj7rOUD7+YGWqUjLp5oSA=="
		},
		"has-flag": {
			"version": "3.0.0",
			"resolved": "https://registry.npmjs.org/has-flag/-/has-flag-3.0.0.tgz",
			"integrity": "sha1-tdRU3CGZriJWmfNGfloH87lVuv0="
		},
		"hash-base": {
			"version": "3.0.4",
			"resolved": "https://registry.npmjs.org/hash-base/-/hash-base-3.0.4.tgz",
			"integrity": "sha1-X8hoaEfs1zSZQDMZprCj8/auSRg=",
			"requires": {
				"inherits": "^2.0.1",
				"safe-buffer": "^5.0.1"
			}
		},
		"hasurl": {
			"version": "1.0.0",
			"resolved": "https://registry.npmjs.org/hasurl/-/hasurl-1.0.0.tgz",
			"integrity": "sha512-43ypUd3DbwyCT01UYpA99AEZxZ4aKtRxWGBHEIbjcOsUghd9YUON0C+JF6isNjaiwC/UF5neaUudy6JS9jZPZQ=="
		},
		"he": {
			"version": "1.1.1",
			"resolved": "https://registry.npmjs.org/he/-/he-1.1.1.tgz",
			"integrity": "sha1-k0EP0hsAlzUVH4howvJx80J+I/0="
		},
		"inflight": {
			"version": "1.0.6",
			"resolved": "https://registry.npmjs.org/inflight/-/inflight-1.0.6.tgz",
			"integrity": "sha1-Sb1jMdfQLQwJvJEKEHW6gWW1bfk=",
			"requires": {
				"once": "^1.3.0",
				"wrappy": "1"
			}
		},
		"inherits": {
			"version": "2.0.3",
			"resolved": "https://registry.npmjs.org/inherits/-/inherits-2.0.3.tgz",
			"integrity": "sha1-Yzwsg+PaQqUC9SRmAiSA9CCCYd4="
		},
		"is-buffer": {
			"version": "2.0.3",
			"resolved": "https://registry.npmjs.org/is-buffer/-/is-buffer-2.0.3.tgz",
			"integrity": "sha512-U15Q7MXTuZlrbymiz95PJpZxu8IlipAp4dtS3wOdgPXx3mqBnslrWU14kxfHB+Py/+2PVKSr37dMAgM2A4uArw=="
		},
		"is-typedarray": {
			"version": "1.0.0",
			"resolved": "https://registry.npmjs.org/is-typedarray/-/is-typedarray-1.0.0.tgz",
			"integrity": "sha1-5HnICFjfDBsR3dppQPlgEfzaSpo="
		},
		"is-wsl": {
			"version": "1.1.0",
			"resolved": "https://registry.npmjs.org/is-wsl/-/is-wsl-1.1.0.tgz",
			"integrity": "sha1-HxbkqiKwTRM2tmGIpmrzxgDDpm0="
		},
		"joi-browser": {
			"version": "13.4.0",
			"resolved": "https://registry.npmjs.org/joi-browser/-/joi-browser-13.4.0.tgz",
			"integrity": "sha512-TfzJd2JaJ/lg/gU+q5j9rLAjnfUNF9DUmXTP9w+GfmG79LjFOXFeM7hIFuXCBcZCivUDFwd9l1btTV9rhHumtQ=="
		},
		"json-bigint": {
			"version": "github:davidyuk/json-bigint#64b099a5d8e9d1210175db0a13cfd7ab0c66d85a",
			"from": "github:davidyuk/json-bigint",
			"requires": {
				"bignumber.js": "^8.0.0"
			}
		},
		"jsonfile": {
			"version": "4.0.0",
			"resolved": "https://registry.npmjs.org/jsonfile/-/jsonfile-4.0.0.tgz",
			"integrity": "sha1-h3Gq4HmbZAdrdmQPygWPnBDjPss=",
			"requires": {
				"graceful-fs": "^4.1.6"
			}
		},
		"libsodium-sumo": {
			"version": "0.7.3",
			"resolved": "https://registry.npmjs.org/libsodium-sumo/-/libsodium-sumo-0.7.3.tgz",
			"integrity": "sha512-zCik0rx9XVNKMLY/t+kI6L/+LGomPx/UZ5iiU2YzCDN2K3GPxY2e0OnjJuX/W3/03fRV7W0btNOOgWpvab2P5g=="
		},
		"libsodium-wrappers-sumo": {
			"version": "0.7.3",
			"resolved": "https://registry.npmjs.org/libsodium-wrappers-sumo/-/libsodium-wrappers-sumo-0.7.3.tgz",
			"integrity": "sha512-JNEZ74zu83BiPxXiYCexVOJdLaNpQTig5bC28MsPzBjzUwIDdLSabEfQNbEtODaNcqq3UlEgYa8IGvDF1jrINA==",
			"requires": {
				"libsodium-sumo": "0.7.3"
			}
		},
		"lodash": {
			"version": "4.17.11",
			"resolved": "https://registry.npmjs.org/lodash/-/lodash-4.17.11.tgz",
			"integrity": "sha512-cQKh8igo5QUhZ7lg38DYWAxMvjSAKG0A8wGSVimP07SIUEK2UO+arSRKbRZWtelMtN5V0Hkwh5ryOto/SshYIg=="
		},
		"lodash.sortby": {
			"version": "4.7.0",
			"resolved": "https://registry.npmjs.org/lodash.sortby/-/lodash.sortby-4.7.0.tgz",
			"integrity": "sha1-7dFMgk4sycHgsKG0K7UhBRakJDg="
		},
		"md5.js": {
			"version": "1.3.5",
			"resolved": "https://registry.npmjs.org/md5.js/-/md5.js-1.3.5.tgz",
			"integrity": "sha512-xitP+WxNPcTTOgnTJcrhM0xvdPepipPSf3I8EIpGKeFLjt3PlJLIDG3u8EX53ZIubkb+5U2+3rELYpEhHhzdkg==",
			"requires": {
				"hash-base": "^3.0.0",
				"inherits": "^2.0.1",
				"safe-buffer": "^5.1.2"
			}
		},
		"minimatch": {
			"version": "3.0.4",
			"resolved": "https://registry.npmjs.org/minimatch/-/minimatch-3.0.4.tgz",
			"integrity": "sha512-yJHVQEhyqPLUTgt9B83PXu6W3rx4MvvHvSUvToogpwoGDOUQ+yDrR0HRot+yOCdCO7u4hX3pWft6kWBBcqh0UA==",
			"requires": {
				"brace-expansion": "^1.1.7"
			}
		},
		"minimist": {
			"version": "0.0.8",
			"resolved": "https://registry.npmjs.org/minimist/-/minimist-0.0.8.tgz",
			"integrity": "sha1-hX/Kv8M5fSYluCKCYuhqp6ARsF0="
		},
		"mkdirp": {
			"version": "0.5.1",
			"resolved": "https://registry.npmjs.org/mkdirp/-/mkdirp-0.5.1.tgz",
			"integrity": "sha1-MAV0OOrGz3+MR2fzhkjWaX11yQM=",
			"requires": {
				"minimist": "0.0.8"
			}
		},
		"mocha": {
			"version": "5.2.0",
			"resolved": "https://registry.npmjs.org/mocha/-/mocha-5.2.0.tgz",
			"integrity": "sha512-2IUgKDhc3J7Uug+FxMXuqIyYzH7gJjXECKe/w43IGgQHTSj3InJi+yAA7T24L9bQMRKiUEHxEX37G5JpVUGLcQ==",
			"requires": {
				"browser-stdout": "1.3.1",
				"commander": "2.15.1",
				"debug": "3.1.0",
				"diff": "3.5.0",
				"escape-string-regexp": "1.0.5",
				"glob": "7.1.2",
				"growl": "1.10.5",
				"he": "1.1.1",
				"minimatch": "3.0.4",
				"mkdirp": "0.5.1",
				"supports-color": "5.4.0"
			},
			"dependencies": {
				"commander": {
					"version": "2.15.1",
					"resolved": "https://registry.npmjs.org/commander/-/commander-2.15.1.tgz",
					"integrity": "sha512-VlfT9F3V0v+jr4yxPc5gg9s62/fIVWsd2Bk2iD435um1NlGMYdVCq+MjcXnhYq2icNOizHr1kK+5TI6H0Hy0ag=="
				}
			}
		},
		"moment": {
			"version": "2.24.0",
			"resolved": "https://registry.npmjs.org/moment/-/moment-2.24.0.tgz",
			"integrity": "sha512-bV7f+6l2QigeBBZSM/6yTNq4P2fNpSWj/0e7jQcy87A8e7o2nAfP/34/2ky5Vw4B9S446EtIhodAzkFCcR4dQg=="
		},
		"ms": {
			"version": "2.0.0",
			"resolved": "https://registry.npmjs.org/ms/-/ms-2.0.0.tgz",
			"integrity": "sha1-VgiurfwAvmwpAd9fmGF4jeDVl8g="
		},
		"nan": {
			"version": "2.14.0",
			"resolved": "https://registry.npmjs.org/nan/-/nan-2.14.0.tgz",
			"integrity": "sha512-INOFj37C7k3AfaNTtX8RhsTw7qRy7eLET14cROi9+5HAVbbHuIWUHEauBv5qT4Av2tWasiTY1Jw6puUNqRJXQg=="
		},
		"node-dir": {
			"version": "0.1.17",
			"resolved": "https://registry.npmjs.org/node-dir/-/node-dir-0.1.17.tgz",
			"integrity": "sha1-X1Zl2TNRM1yqvvjxxVRRbPXx5OU=",
			"requires": {
				"minimatch": "^3.0.2"
			}
		},
		"nodeify-ts": {
			"version": "1.0.6",
			"resolved": "https://registry.npmjs.org/nodeify-ts/-/nodeify-ts-1.0.6.tgz",
			"integrity": "sha512-jq+8sqVG1aLqy5maMTceL8NUJ1CvarWztlxvrYh3G0aao9BsVeoVmVedUnrUSBLetP7oLIAJrPrw4+iIo7v3GA=="
		},
		"once": {
			"version": "1.4.0",
			"resolved": "https://registry.npmjs.org/once/-/once-1.4.0.tgz",
			"integrity": "sha1-WDsap3WWHUsROsF9nFC6753Xa9E=",
			"requires": {
				"wrappy": "1"
			}
		},
		"opn": {
			"version": "5.5.0",
			"resolved": "https://registry.npmjs.org/opn/-/opn-5.5.0.tgz",
			"integrity": "sha512-PqHpggC9bLV0VeWcdKhkpxY+3JTzetLSqTCWL/z/tFIbI6G8JCjondXklT1JinczLz2Xib62sSp0T/gKT4KksA==",
			"requires": {
				"is-wsl": "^1.1.0"
			}
		},
		"original-require": {
			"version": "1.0.1",
			"resolved": "https://registry.npmjs.org/original-require/-/original-require-1.0.1.tgz",
			"integrity": "sha1-DxMEcVhM0zURxew4yNWSE/msXiA="
		},
		"path": {
			"version": "0.12.7",
			"resolved": "https://registry.npmjs.org/path/-/path-0.12.7.tgz",
			"integrity": "sha1-1NwqUGxM4hl+tIHr/NWzbAFAsQ8=",
			"requires": {
				"process": "^0.11.1",
				"util": "^0.10.3"
			}
		},
		"path-is-absolute": {
			"version": "1.0.1",
			"resolved": "https://registry.npmjs.org/path-is-absolute/-/path-is-absolute-1.0.1.tgz",
			"integrity": "sha1-F0uSaHNVNP+8es5r9TpanhtcX18="
		},
		"pathval": {
			"version": "1.1.0",
			"resolved": "https://registry.npmjs.org/pathval/-/pathval-1.1.0.tgz",
			"integrity": "sha1-uULm1L3mUwBe9rcTYd74cn0GReA="
		},
		"pbkdf2": {
			"version": "3.0.17",
			"resolved": "https://registry.npmjs.org/pbkdf2/-/pbkdf2-3.0.17.tgz",
			"integrity": "sha512-U/il5MsrZp7mGg3mSQfn742na2T+1/vHDCG5/iTI3X9MKUuYUZVLQhyRsg06mCgDBTd57TxzgZt7P+fYfjRLtA==",
			"requires": {
				"create-hash": "^1.1.2",
				"create-hmac": "^1.1.4",
				"ripemd160": "^2.0.1",
				"safe-buffer": "^5.0.1",
				"sha.js": "^2.4.8"
			}
		},
		"process": {
			"version": "0.11.10",
			"resolved": "https://registry.npmjs.org/process/-/process-0.11.10.tgz",
			"integrity": "sha1-czIwDoQBYb2j5podHZGn1LwW8YI="
		},
		"promisify-child-process": {
			"version": "2.1.2",
			"resolved": "https://registry.npmjs.org/promisify-child-process/-/promisify-child-process-2.1.2.tgz",
			"integrity": "sha512-j2BRwNaM7fUwrd67avtqSTRevQXZiqS+T4Ky3VVaQdvzkPpsTByBAv+ZyBxuXgV/eUrCe2qYrOZvPvd+sMryeg==",
			"requires": {
				"@types/node": "^10.11.3"
			},
			"dependencies": {
				"@types/node": {
					"version": "10.14.9",
					"resolved": "https://registry.npmjs.org/@types/node/-/node-10.14.9.tgz",
					"integrity": "sha512-NelG/dSahlXYtSoVPErrp06tYFrvzj8XLWmKA+X8x0W//4MqbUyZu++giUG/v0bjAT6/Qxa8IjodrfdACyb0Fg=="
				}
			}
		},
		"punycode": {
			"version": "2.1.1",
			"resolved": "https://registry.npmjs.org/punycode/-/punycode-2.1.1.tgz",
			"integrity": "sha512-XRsRjdf+j5ml+y/6GKHPZbrF/8p2Yga0JPtdqTIY2Xe5ohJPD9saDJJLPvp9+NSBprVvevdXZybnj2cv8OEd0A=="
		},
		"ramda": {
			"version": "0.25.0",
			"resolved": "https://registry.npmjs.org/ramda/-/ramda-0.25.0.tgz",
			"integrity": "sha512-GXpfrYVPwx3K7RQ6aYT8KPS8XViSXUVJT1ONhoKPE9VAleW42YE+U+8VEyGWt41EnEQW7gwecYJriTI0pKoecQ=="
		},
		"randombytes": {
			"version": "2.1.0",
			"resolved": "https://registry.npmjs.org/randombytes/-/randombytes-2.1.0.tgz",
			"integrity": "sha512-vYl3iOX+4CKUWuxGi9Ukhie6fsqXqS9FE2Zaic4tNFD2N2QQaXOMFbuKK4QmDHC0JO6B1Zp41J0LpT0oR68amQ==",
			"requires": {
				"safe-buffer": "^5.1.0"
			}
		},
		"regenerator-runtime": {
			"version": "0.13.2",
			"resolved": "https://registry.npmjs.org/regenerator-runtime/-/regenerator-runtime-0.13.2.tgz",
			"integrity": "sha512-S/TQAZJO+D3m9xeN1WTI8dLKBBiRgXBlTJvbWjCThHWZj9EvHK70Ff50/tYj2J/fvBY6JtFVwRuazHN2E7M9BA=="
		},
		"ripemd160": {
			"version": "2.0.2",
			"resolved": "https://registry.npmjs.org/ripemd160/-/ripemd160-2.0.2.tgz",
			"integrity": "sha512-ii4iagi25WusVoiC4B4lq7pbXfAp3D9v5CwfkY33vffw2+pkDjY1D8GaN7spsxvCSx8dkPqOZCEZyfxcmJG2IA==",
			"requires": {
				"hash-base": "^3.0.0",
				"inherits": "^2.0.1"
			}
		},
		"rlp": {
			"version": "2.1.0",
			"resolved": "https://registry.npmjs.org/rlp/-/rlp-2.1.0.tgz",
			"integrity": "sha512-93U7IKH5j7nmXFVg19MeNBGzQW5uXW1pmCuKY8veeKIhYTE32C2d0mOegfiIAfXcHOKJjjPlJisn8iHDF5AezA==",
			"requires": {
				"safe-buffer": "^5.1.1"
			}
		},
		"safe-buffer": {
			"version": "5.1.2",
			"resolved": "https://registry.npmjs.org/safe-buffer/-/safe-buffer-5.1.2.tgz",
			"integrity": "sha512-Gd2UZBJDkXlY7GbJxfsE8/nvKkUEU1G38c1siN6QP6a9PT9MmHB8GnpscSmMJSoF8LOIrt8ud/wPtojys4G6+g=="
		},
		"serialize-javascript": {
			"version": "1.7.0",
			"resolved": "https://registry.npmjs.org/serialize-javascript/-/serialize-javascript-1.7.0.tgz",
			"integrity": "sha512-ke8UG8ulpFOxO8f8gRYabHQe/ZntKlcig2Mp+8+URDP1D8vJZ0KUt7LYo07q25Z/+JVSgpr/cui9PIp5H6/+nA=="
		},
		"sha.js": {
			"version": "2.4.11",
			"resolved": "https://registry.npmjs.org/sha.js/-/sha.js-2.4.11.tgz",
			"integrity": "sha512-QMEp5B7cftE7APOjk5Y6xgrbWu+WkLVQwk8JNjZ8nKRciZaByEW6MubieAiToS7+dwvrjGhH8jRXz3MVd0AYqQ==",
			"requires": {
				"inherits": "^2.0.1",
				"safe-buffer": "^5.0.1"
			}
		},
		"supports-color": {
			"version": "5.4.0",
			"resolved": "https://registry.npmjs.org/supports-color/-/supports-color-5.4.0.tgz",
			"integrity": "sha512-zjaXglF5nnWpsq470jSv6P9DwPvgLkuapYmfDm3JWOm0vkNTVF2tI4UrN2r6jH1qM/uc/WtxYY1hYoA2dOKj5w==",
			"requires": {
				"has-flag": "^3.0.0"
			}
		},
		"tr46": {
			"version": "1.0.1",
			"resolved": "https://registry.npmjs.org/tr46/-/tr46-1.0.1.tgz",
			"integrity": "sha1-qLE/1r/SSJUZZ0zN5VujaTtwbQk=",
			"requires": {
				"punycode": "^2.1.0"
			}
		},
		"tweetnacl": {
			"version": "1.0.1",
			"resolved": "https://registry.npmjs.org/tweetnacl/-/tweetnacl-1.0.1.tgz",
			"integrity": "sha512-kcoMoKTPYnoeS50tzoqjPY3Uv9axeuuFAZY9M/9zFnhoVvRfxz9K29IMPD7jGmt2c8SW7i3gT9WqDl2+nV7p4A=="
		},
		"tweetnacl-auth": {
			"version": "1.0.1",
			"resolved": "https://registry.npmjs.org/tweetnacl-auth/-/tweetnacl-auth-1.0.1.tgz",
			"integrity": "sha512-Qu2JonS5VUh5oJBnGsFohfel8O4gqN2QwdrsLjaZEZOU/25iIr3zU7jFOFbtOM5Wak5jiIViAqMvRvuxk9Lhmg==",
			"requires": {
				"tweetnacl": "1.x.x"
			}
		},
		"type-detect": {
			"version": "4.0.8",
			"resolved": "https://registry.npmjs.org/type-detect/-/type-detect-4.0.8.tgz",
			"integrity": "sha512-0fr/mIH1dlO+x7TlcMy+bIDqKPsw/70tVyeHW787goQjhmqaZe10uwLujubK9q9Lg6Fiho1KUKDYz0Z7k7g5/g=="
		},
		"typedarray-to-buffer": {
			"version": "3.1.5",
			"resolved": "https://registry.npmjs.org/typedarray-to-buffer/-/typedarray-to-buffer-3.1.5.tgz",
			"integrity": "sha512-zdu8XMNEDepKKR+XYOXAVPtWui0ly0NtohUscw+UmaHiAWT8hrV1rr//H6V+0DvJ3OQ19S979M0laLfX8rm82Q==",
			"requires": {
				"is-typedarray": "^1.0.0"
			}
		},
		"universal-url": {
			"version": "2.0.0",
			"resolved": "https://registry.npmjs.org/universal-url/-/universal-url-2.0.0.tgz",
			"integrity": "sha512-3DLtXdm/G1LQMCnPj+Aw7uDoleQttNHp2g5FnNQKR6cP6taNWS1b/Ehjjx4PVyvejKi3TJyu8iBraKM4q3JQPg==",
			"requires": {
				"hasurl": "^1.0.0",
				"whatwg-url": "^7.0.0"
			}
		},
		"universalify": {
			"version": "0.1.2",
			"resolved": "https://registry.npmjs.org/universalify/-/universalify-0.1.2.tgz",
			"integrity": "sha512-rBJeI5CXAlmy1pV+617WB9J63U6XcazHHF2f2dbJix4XzpUF0RS3Zbj0FGIOCAva5P/d/GBOYaACQ1w+0azUkg=="
		},
		"util": {
			"version": "0.10.4",
			"resolved": "https://registry.npmjs.org/util/-/util-0.10.4.tgz",
			"integrity": "sha512-0Pm9hTQ3se5ll1XihRic3FDIku70C+iHUdT/W926rSgHV5QgXsYbKZN8MSC3tJtSkhuROzvsQjAaFENRXr+19A==",
			"requires": {
				"inherits": "2.0.3"
			}
		},
		"uuid": {
			"version": "3.3.2",
			"resolved": "https://registry.npmjs.org/uuid/-/uuid-3.3.2.tgz",
			"integrity": "sha512-yXJmeNaw3DnnKAOKJE51sL/ZaYfWJRl1pK9dr19YFCu0ObS231AB1/LbqTKRAQ5kw8A90rA6fr4riOUpTZvQZA=="
		},
		"webidl-conversions": {
			"version": "4.0.2",
			"resolved": "https://registry.npmjs.org/webidl-conversions/-/webidl-conversions-4.0.2.tgz",
			"integrity": "sha512-YQ+BmxuTgd6UXZW3+ICGfyqRyHXVlD5GtQr5+qjiNW7bF0cqrzX500HVXPBOvgXb5YnzDd+h0zqyv61KUD7+Sg=="
		},
		"websocket": {
			"version": "1.0.28",
			"resolved": "https://registry.npmjs.org/websocket/-/websocket-1.0.28.tgz",
			"integrity": "sha512-00y/20/80P7H4bCYkzuuvvfDvh+dgtXi5kzDf3UcZwN6boTYaKvsrtZ5lIYm1Gsg48siMErd9M4zjSYfYFHTrA==",
			"requires": {
				"debug": "^2.2.0",
				"nan": "^2.11.0",
				"typedarray-to-buffer": "^3.1.5",
				"yaeti": "^0.0.6"
			},
			"dependencies": {
				"debug": {
					"version": "2.6.9",
					"resolved": "https://registry.npmjs.org/debug/-/debug-2.6.9.tgz",
					"integrity": "sha512-bC7ElrdJaJnPbAP+1EotYvqZsb3ecl5wi6Bfi6BJTUcNowp6cvspg0jXznRTKDjm/E7AdgFBVeAPVMNcKGsHMA==",
					"requires": {
						"ms": "2.0.0"
					}
				}
			}
		},
		"whatwg-url": {
			"version": "7.0.0",
			"resolved": "https://registry.npmjs.org/whatwg-url/-/whatwg-url-7.0.0.tgz",
			"integrity": "sha512-37GeVSIJ3kn1JgKyjiYNmSLP1yzbpb29jdmwBSgkD9h40/hyrR/OifpVUndji3tmwGgD8qpw7iQu3RSbCrBpsQ==",
			"requires": {
				"lodash.sortby": "^4.7.0",
				"tr46": "^1.0.1",
				"webidl-conversions": "^4.0.2"
			}
		},
		"wrappy": {
			"version": "1.0.2",
			"resolved": "https://registry.npmjs.org/wrappy/-/wrappy-1.0.2.tgz",
			"integrity": "sha1-tSQ9jz7BqjXxNkYFvA0QNuMKtp8="
		},
		"yaeti": {
			"version": "0.0.6",
			"resolved": "https://registry.npmjs.org/yaeti/-/yaeti-0.0.6.tgz",
			"integrity": "sha1-8m9ITXJoTPQr7ft2lwqhYI+/lXc="
		}
	}
}
